github.com/fsnotify/fsnotify v1.4.9 h1:hsms1Qyu0jgnwNXIxa+/V/PDsU6CfLf6CNO8H7IWoS4=
github.com/fsnotify/fsnotify v1.4.9/go.mod h1:znqG4EE+3YCdAaPaxE2ZRY/06pZUdp0tY4IgpuI1SZQ=
github.com/sigmonsays/go-logging v0.0.0-20170415192813-93f4813d2694 h1:Mj7zYpc19leanFgX83o107yxP2f89/F1TFjZSQxoEhI=
github.com/sigmonsays/go-logging v0.0.0-20170415192813-93f4813d2694/go.mod h1:6+xYjK0jIspthgQ2ScYbhbfKk/rAbwkniV704uQJsxA=
golang.org/x/sys v0.0.0-20191005200804-aed5e4c7ecf9/go.mod h1:h1NjWce9XRLGQEsW7wpKNCjG9DtNlClVuFLEZdDNbEs=
golang.org/x/sys v0.5.0 h1:MUK/U/4lj1t1oPg0HfuXDN/Z1wv31ZJ/YcPiGccS4DU=
golang.org/x/sys v0.5.0/go.mod h1:oPkhp1MJrh7nUepCBck5+mAzfO9JrbApNNgaTdGDITg=
launchpad.net/gocheck v0.0.0-20140225173054-000000000087 h1:Izowp2XBH6Ya6rv+hqbceQyw/gSGoXfH/UPoTGduL54=
launchpad.net/gocheck v0.0.0-20140225173054-000000000087/go.mod h1:hj7XX3B/0A+80Vse0e+BUHsHMTEhd0O4cpUHr/e/BUM=
launchpad.net/goyaml v0.0.0-20140305200416-000000000051 h1:pgtOxpWGtZwl5VEGtXB3s+VPsO3QzsZPg4/AS0Ag9HI=
launchpad.net/goyaml v0.0.0-20140305200416-000000000051/go.mod h1:HivH2TsqnIPviNUySFrCE+pbgbJCjrnMj2QH74o4y+w=
